
Microsoft Visual Studio Solution File, Format Version 12.00
# Visual Studio 15
VisualStudioVersion = 15.0.28307.136
MinimumVisualStudioVersion = 10.0.40219.1
Project("{FAE04EC0-301F-11D3-BF4B-00C04F79EFBC}") = "ConsoleApp7", "ConsoleApp7\ConsoleApp7.csproj", "{C7D8C737-755C-41DD-B5B0-61F615C4AA1C}"
EndProject
Global
	GlobalSection(SolutionConfigurationPlatforms) = preSolution
		Debug|Any CPU = Debug|Any CPU
		Release|Any CPU = Release|Any CPU
	EndGlobalSection
	GlobalSection(ProjectConfigurationPlatforms) = postSolution
		{C7D8C737-755C-41DD-B5B0-61F615C4AA1C}.Debug|Any CPU.ActiveCfg = Debug|Any CPU
		{C7D8C737-755C-41DD-B5B0-61F615C4AA1C}.Debug|Any CPU.Build.0 = Debug|Any CPU
		{C7D8C737-755C-41DD-B5B0-61F615C4AA1C}.Release|Any CPU.ActiveCfg = Release|Any CPU
		{C7D8C737-755C-41DD-B5B0-61F615C4AA1C}.Release|Any CPU.Build.0 = Release|Any CPU
	EndGlobalSection
	GlobalSection(SolutionProperties) = preSolution
		HideSolutionNode = FALSE
	EndGlobalSection
	GlobalSection(ExtensibilityGlobals) = postSolution
		SolutionGuid = {78C9943A-3BBC-43C2-B6AC-0366C79DCADF}
	EndGlobalSection
EndGlobal
